
Microsoft Visual Studio Solution File, Format Version 12.00
# Visual Studio Version 16
VisualStudioVersion = 16.0.29920.165
MinimumVisualStudioVersion = 10.0.40219.1
Project("{888888A0-9F3D-457C-B088-3A5042F75D52}") = "TugasModul5", "TugasModul5\TugasModul5.pyproj", "{4D0DB895-4171-452C-928A-3E401F84CBC1}"
EndProject
Global
	GlobalSection(SolutionConfigurationPlatforms) = preSolution
		Debug|Any CPU = Debug|Any CPU
		Release|Any CPU = Release|Any CPU
	EndGlobalSection
	GlobalSection(ProjectConfigurationPlatforms) = postSolution
		{4D0DB895-4171-452C-928A-3E401F84CBC1}.Debug|Any CPU.ActiveCfg = Debug|Any CPU
		{4D0DB895-4171-452C-928A-3E401F84CBC1}.Release|Any CPU.ActiveCfg = Release|Any CPU
	EndGlobalSection
	GlobalSection(SolutionProperties) = preSolution
		HideSolutionNode = FALSE
	EndGlobalSection
	GlobalSection(ExtensibilityGlobals) = postSolution
		SolutionGuid = {2BCF319B-6CFB-4405-BAFF-7B4F407FF64E}
	EndGlobalSection
EndGlobal
